// !$*UTF8*$!
{
	archiveVersion = 1;
	classes = {
	};
	objectVersion = 46;
	objects = {

/* Begin PBXBuildFile section */
		2478C34C170B08EF00A217D1 /* UIKit.framework in Frameworks */ = {isa = PBXBuildFile; fileRef = 2478C34B170B08EF00A217D1 /* UIKit.framework */; };
		2478C34E170B08EF00A217D1 /* Foundation.framework in Frameworks */ = {isa = PBXBuildFile; fileRef = 2478C34D170B08EF00A217D1 /* Foundation.framework */; };
		2478C350170B08EF00A217D1 /* CoreGraphics.framework in Frameworks */ = {isa = PBXBuildFile; fileRef = 2478C34F170B08EF00A217D1 /* CoreGraphics.framework */; };
		2478C356170B08EF00A217D1 /* InfoPlist.strings in Resources */ = {isa = PBXBuildFile; fileRef = 2478C354170B08EF00A217D1 /* InfoPlist.strings */; };
		2478C358170B08EF00A217D1 /* main.m in Sources */ = {isa = PBXBuildFile; fileRef = 2478C357170B08EF00A217D1 /* main.m */; };
		2478C35C170B08EF00A217D1 /* AppDelegate.m in Sources */ = {isa = PBXBuildFile; fileRef = 2478C35B170B08EF00A217D1 /* AppDelegate.m */; };
		2478C35E170B08EF00A217D1 /* Default.png in Resources */ = {isa = PBXBuildFile; fileRef = 2478C35D170B08EF00A217D1 /* Default.png */; };
		2478C360170B08EF00A217D1 /* Default@2x.png in Resources */ = {isa = PBXBuildFile; fileRef = 2478C35F170B08EF00A217D1 /* Default@2x.png */; };
		2478C362170B08EF00A217D1 /* Default-568h@2x.png in Resources */ = {isa = PBXBuildFile; fileRef = 2478C361170B08EF00A217D1 /* Default-568h@2x.png */; };
		2478C365170B08EF00A217D1 /* MainStoryboard.storyboard in Resources */ = {isa = PBXBuildFile; fileRef = 2478C363170B08EF00A217D1 /* MainStoryboard.storyboard */; };
		2478C371170B0AD300A217D1 /* CustomPushSegue.m in Sources */ = {isa = PBXBuildFile; fileRef = 2478C370170B0AD300A217D1 /* CustomPushSegue.m */; };
		2478C373170B10AD00A217D1 /* outline.plist in Resources */ = {isa = PBXBuildFile; fileRef = 2478C372170B10AD00A217D1 /* outline.plist */; };
		24FEAE76170B20DF00D1CFA5 /* LeafViewController.m in Sources */ = {isa = PBXBuildFile; fileRef = 24FEAE6F170B20DF00D1CFA5 /* LeafViewController.m */; };
		24FEAE77170B20DF00D1CFA5 /* Level1ViewController.m in Sources */ = {isa = PBXBuildFile; fileRef = 24FEAE71170B20DF00D1CFA5 /* Level1ViewController.m */; };
		24FEAE78170B20DF00D1CFA5 /* Level2ViewController.m in Sources */ = {isa = PBXBuildFile; fileRef = 24FEAE73170B20DF00D1CFA5 /* Level2ViewController.m */; };
		24FEAE79170B20DF00D1CFA5 /* Level3ViewController.m in Sources */ = {isa = PBXBuildFile; fileRef = 24FEAE75170B20DF00D1CFA5 /* Level3ViewController.m */; };
/* End PBXBuildFile section */

/* Begin PBXFileReference section */
		2478C348170B08EF00A217D1 /* DDS-Storyboard.app */ = {isa = PBXFileReference; explicitFileType = wrapper.application; includeInIndex = 0; path = "DDS-Storyboard.app"; sourceTree = BUILT_PRODUCTS_DIR; };
		2478C34B170B08EF00A217D1 /* UIKit.framework */ = {isa = PBXFileReference; lastKnownFileType = wrapper.framework; name = UIKit.framework; path = System/Library/Frameworks/UIKit.framework; sourceTree = SDKROOT; };
		2478C34D170B08EF00A217D1 /* Foundation.framework */ = {isa = PBXFileReference; lastKnownFileType = wrapper.framework; name = Foundation.framework; path = System/Library/Frameworks/Foundation.framework; sourceTree = SDKROOT; };
		2478C34F170B08EF00A217D1 /* CoreGraphics.framework */ = {isa = PBXFileReference; lastKnownFileType = wrapper.framework; name = CoreGraphics.framework; path = System/Library/Frameworks/CoreGraphics.framework; sourceTree = SDKROOT; };
		2478C353170B08EF00A217D1 /* DDS-Storyboard-Info.plist */ = {isa = PBXFileReference; lastKnownFileType = text.plist.xml; path = "DDS-Storyboard-Info.plist"; sourceTree = "<group>"; };
		2478C355170B08EF00A217D1 /* en */ = {isa = PBXFileReference; lastKnownFileType = text.plist.strings; name = en; path = en.lproj/InfoPlist.strings; sourceTree = "<group>"; };
		2478C357170B08EF00A217D1 /* main.m */ = {isa = PBXFileReference; lastKnownFileType = sourcecode.c.objc; path = main.m; sourceTree = "<group>"; };
		2478C359170B08EF00A217D1 /* DDS-Storyboard-Prefix.pch */ = {isa = PBXFileReference; lastKnownFileType = sourcecode.c.h; path = "DDS-Storyboard-Prefix.pch"; sourceTree = "<group>"; };
		2478C35A170B08EF00A217D1 /* AppDelegate.h */ = {isa = PBXFileReference; lastKnownFileType = sourcecode.c.h; path = AppDelegate.h; sourceTree = "<group>"; };
		2478C35B170B08EF00A217D1 /* AppDelegate.m */ = {isa = PBXFileReference; lastKnownFileType = sourcecode.c.objc; path = AppDelegate.m; sourceTree = "<group>"; };
		2478C35D170B08EF00A217D1 /* Default.png */ = {isa = PBXFileReference; lastKnownFileType = image.png; path = Default.png; sourceTree = "<group>"; };
		2478C35F170B08EF00A217D1 /* Default@2x.png */ = {isa = PBXFileReference; lastKnownFileType = image.png; path = "Default@2x.png"; sourceTree = "<group>"; };
		2478C361170B08EF00A217D1 /* Default-568h@2x.png */ = {isa = PBXFileReference; lastKnownFileType = image.png; path = "Default-568h@2x.png"; sourceTree = "<group>"; };
		2478C364170B08EF00A217D1 /* en */ = {isa = PBXFileReference; lastKnownFileType = file.storyboard; name = en; path = en.lproj/MainStoryboard.storyboard; sourceTree = "<group>"; };
		2478C36F170B0AD300A217D1 /* CustomPushSegue.h */ = {isa = PBXFileReference; fileEncoding = 4; lastKnownFileType = sourcecode.c.h; path = CustomPushSegue.h; sourceTree = "<group>"; };
		2478C370170B0AD300A217D1 /* CustomPushSegue.m */ = {isa = PBXFileReference; fileEncoding = 4; lastKnownFileType = sourcecode.c.objc; path = CustomPushSegue.m; sourceTree = "<group>"; };
		2478C372170B10AD00A217D1 /* outline.plist */ = {isa = PBXFileReference; fileEncoding = 4; lastKnownFileType = text.plist.xml; path = outline.plist; sourceTree = "<group>"; };
		2478C374170B12D400A217D1 /* ReadMe.txt */ = {isa = PBXFileReference; lastKnownFileType = text; path = ReadMe.txt; sourceTree = "<group>"; };
		24FEAE6E170B20DF00D1CFA5 /* LeafViewController.h */ = {isa = PBXFileReference; fileEncoding = 4; lastKnownFileType = sourcecode.c.h; path = LeafViewController.h; sourceTree = "<group>"; };
		24FEAE6F170B20DF00D1CFA5 /* LeafViewController.m */ = {isa = PBXFileReference; fileEncoding = 4; lastKnownFileType = sourcecode.c.objc; path = LeafViewController.m; sourceTree = "<group>"; };
		24FEAE70170B20DF00D1CFA5 /* Level1ViewController.h */ = {isa = PBXFileReference; fileEncoding = 4; lastKnownFileType = sourcecode.c.h; path = Level1ViewController.h; sourceTree = "<group>"; };
		24FEAE71170B20DF00D1CFA5 /* Level1ViewController.m */ = {isa = PBXFileReference; fileEncoding = 4; lastKnownFileType = sourcecode.c.objc; path = Level1ViewController.m; sourceTree = "<group>"; };
		24FEAE72170B20DF00D1CFA5 /* Level2ViewController.h */ = {isa = PBXFileReference; fileEncoding = 4; lastKnownFileType = sourcecode.c.h; path = Level2ViewController.h; sourceTree = "<group>"; };
		24FEAE73170B20DF00D1CFA5 /* Level2ViewController.m */ = {isa = PBXFileReference; fileEncoding = 4; lastKnownFileType = sourcecode.c.objc; path = Level2ViewController.m; sourceTree = "<group>"; };
		24FEAE74170B20DF00D1CFA5 /* Level3ViewController.h */ = {isa = PBXFileReference; fileEncoding = 4; lastKnownFileType = sourcecode.c.h; path = Level3ViewController.h; sourceTree = "<group>"; };
		24FEAE75170B20DF00D1CFA5 /* Level3ViewController.m */ = {isa = PBXFileReference; fileEncoding = 4; lastKnownFileType = sourcecode.c.objc; path = Level3ViewController.m; sourceTree = "<group>"; };
/* End PBXFileReference section */

/* Begin PBXFrameworksBuildPhase section */
		2478C345170B08EF00A217D1 /* Frameworks */ = {
			isa = PBXFrameworksBuildPhase;
			buildActionMask = 2147483647;
			files = (
				2478C34C170B08EF00A217D1 /* UIKit.framework in Frameworks */,
				2478C34E170B08EF00A217D1 /* Foundation.framework in Frameworks */,
				2478C350170B08EF00A217D1 /* CoreGraphics.framework in Frameworks */,
			);
			runOnlyForDeploymentPostprocessing = 0;
		};
/* End PBXFrameworksBuildPhase section */

/* Begin PBXGroup section */
		2478C33F170B08EF00A217D1 = {
			isa = PBXGroup;
			children = (
				2478C374170B12D400A217D1 /* ReadMe.txt */,
				2478C351170B08EF00A217D1 /* DDS-Storyboard */,
				2478C34A170B08EF00A217D1 /* Frameworks */,
				2478C349170B08EF00A217D1 /* Products */,
			);
			sourceTree = "<group>";
		};
		2478C349170B08EF00A217D1 /* Products */ = {
			isa = PBXGroup;
			children = (
				2478C348170B08EF00A217D1 /* DDS-Storyboard.app */,
			);
			name = Products;
			sourceTree = "<group>";
		};
		2478C34A170B08EF00A217D1 /* Frameworks */ = {
			isa = PBXGroup;
			children = (
				2478C34B170B08EF00A217D1 /* UIKit.framework */,
				2478C34D170B08EF00A217D1 /* Foundation.framework */,
				2478C34F170B08EF00A217D1 /* CoreGraphics.framework */,
			);
			name = Frameworks;
			sourceTree = "<group>";
		};
		2478C351170B08EF00A217D1 /* DDS-Storyboard */ = {
			isa = PBXGroup;
			children = (
				2478C35A170B08EF00A217D1 /* AppDelegate.h */,
				2478C35B170B08EF00A217D1 /* AppDelegate.m */,
				2478C363170B08EF00A217D1 /* MainStoryboard.storyboard */,
				2478C36F170B0AD300A217D1 /* CustomPushSegue.h */,
				2478C370170B0AD300A217D1 /* CustomPushSegue.m */,
				2478C36E170B0A8100A217D1 /* Copied from DrillDownSave */,
				2478C352170B08EF00A217D1 /* Supporting Files */,
			);
			path = "DDS-Storyboard";
			sourceTree = "<group>";
		};
		2478C352170B08EF00A217D1 /* Supporting Files */ = {
			isa = PBXGroup;
			children = (
				2478C353170B08EF00A217D1 /* DDS-Storyboard-Info.plist */,
				2478C354170B08EF00A217D1 /* InfoPlist.strings */,
				2478C357170B08EF00A217D1 /* main.m */,
				2478C359170B08EF00A217D1 /* DDS-Storyboard-Prefix.pch */,
				2478C35D170B08EF00A217D1 /* Default.png */,
				2478C35F170B08EF00A217D1 /* Default@2x.png */,
				2478C361170B08EF00A217D1 /* Default-568h@2x.png */,
			);
			name = "Supporting Files";
			sourceTree = "<group>";
		};
		2478C36E170B0A8100A217D1 /* Copied from DrillDownSave */ = {
			isa = PBXGroup;
			children = (
				24FEAE6E170B20DF00D1CFA5 /* LeafViewController.h */,
				24FEAE6F170B20DF00D1CFA5 /* LeafViewController.m */,
				24FEAE70170B20DF00D1CFA5 /* Level1ViewController.h */,
				24FEAE71170B20DF00D1CFA5 /* Level1ViewController.m */,
				24FEAE72170B20DF00D1CFA5 /* Level2ViewController.h */,
				24FEAE73170B20DF00D1CFA5 /* Level2ViewController.m */,
				24FEAE74170B20DF00D1CFA5 /* Level3ViewController.h */,
				24FEAE75170B20DF00D1CFA5 /* Level3ViewController.m */,
				2478C372170B10AD00A217D1 /* outline.plist */,
			);
			name = "Copied from DrillDownSave";
			sourceTree = "<group>";
		};
/* End PBXGroup section */

/* Begin PBXNativeTarget section */
		2478C347170B08EF00A217D1 /* DDS-Storyboard */ = {
			isa = PBXNativeTarget;
			buildConfigurationList = 2478C36B170B08EF00A217D1 /* Build configuration list for PBXNativeTarget "DDS-Storyboard" */;
			buildPhases = (
				2478C344170B08EF00A217D1 /* Sources */,
				2478C345170B08EF00A217D1 /* Frameworks */,
				2478C346170B08EF00A217D1 /* Resources */,
			);
			buildRules = (
			);
			dependencies = (
			);
			name = "DDS-Storyboard";
			productName = "DDS-Storyboard";
			productReference = 2478C348170B08EF00A217D1 /* DDS-Storyboard.app */;
			productType = "com.apple.product-type.application";
		};
/* End PBXNativeTarget section */

/* Begin PBXProject section */
		2478C340170B08EF00A217D1 /* Project object */ = {
			isa = PBXProject;
			attributes = {
				LastUpgradeCheck = 0460;
				ORGANIZATIONNAME = Apple;
			};
			buildConfigurationList = 2478C343170B08EF00A217D1 /* Build configuration list for PBXProject "DDS-Storyboard" */;
			compatibilityVersion = "Xcode 3.2";
			developmentRegion = English;
			hasScannedForEncodings = 0;
			knownRegions = (
				en,
			);
			mainGroup = 2478C33F170B08EF00A217D1;
			productRefGroup = 2478C349170B08EF00A217D1 /* Products */;
			projectDirPath = "";
			projectRoot = "";
			targets = (
				2478C347170B08EF00A217D1 /* DDS-Storyboard */,
			);
		};
/* End PBXProject section */

/* Begin PBXResourcesBuildPhase section */
		2478C346170B08EF00A217D1 /* Resources */ = {
			isa = PBXResourcesBuildPhase;
			buildActionMask = 2147483647;
			files = (
				2478C356170B08EF00A217D1 /* InfoPlist.strings in Resources */,
				2478C35E170B08EF00A217D1 /* Default.png in Resources */,
				2478C360170B08EF00A217D1 /* Default@2x.png in Resources */,
				2478C362170B08EF00A217D1 /* Default-568h@2x.png in Resources */,
				2478C365170B08EF00A217D1 /* MainStoryboard.storyboard in Resources */,
				2478C373170B10AD00A217D1 /* outline.plist in Resources */,
			);
			runOnlyForDeploymentPostprocessing = 0;
		};
/* End PBXResourcesBuildPhase section */

/* Begin PBXSourcesBuildPhase section */
		2478C344170B08EF00A217D1 /* Sources */ = {
			isa = PBXSourcesBuildPhase;
			buildActionMask = 2147483647;
			files = (
				2478C358170B08EF00A217D1 /* main.m in Sources */,
				2478C35C170B08EF00A217D1 /* AppDelegate.m in Sources */,
				2478C371170B0AD300A217D1 /* CustomPushSegue.m in Sources */,
				24FEAE76170B20DF00D1CFA5 /* LeafViewController.m in Sources */,
				24FEAE77170B20DF00D1CFA5 /* Level1ViewController.m in Sources */,
				24FEAE78170B20DF00D1CFA5 /* Level2ViewController.m in Sources */,
				24FEAE79170B20DF00D1CFA5 /* Level3ViewController.m in Sources */,
			);
			runOnlyForDeploymentPostprocessing = 0;
		};
/* End PBXSourcesBuildPhase section */

/* Begin PBXVariantGroup section */
		2478C354170B08EF00A217D1 /* InfoPlist.strings */ = {
			isa = PBXVariantGroup;
			children = (
				2478C355170B08EF00A217D1 /* en */,
			);
			name = InfoPlist.strings;
			sourceTree = "<group>";
		};
		2478C363170B08EF00A217D1 /* MainStoryboard.storyboard */ = {
			isa = PBXVariantGroup;
			children = (
				2478C364170B08EF00A217D1 /* en */,
			);
			name = MainStoryboard.storyboard;
			sourceTree = "<group>";
		};
/* End PBXVariantGroup section */

/* Begin XCBuildConfiguration section */
		2478C369170B08EF00A217D1 /* Debug */ = {
			isa = XCBuildConfiguration;
			buildSettings = {
				ALWAYS_SEARCH_USER_PATHS = NO;
				CLANG_CXX_LANGUAGE_STANDARD = "gnu++0x";
				CLANG_CXX_LIBRARY = "libc++";
				CLANG_WARN_CONSTANT_CONVERSION = YES;
				CLANG_WARN_EMPTY_BODY = YES;
				CLANG_WARN_ENUM_CONVERSION = YES;
				CLANG_WARN_INT_CONVERSION = YES;
				CLANG_WARN__DUPLICATE_METHOD_MATCH = YES;
				"CODE_SIGN_IDENTITY[sdk=iphoneos*]" = "iPhone Developer";
				COPY_PHASE_STRIP = NO;
				GCC_C_LANGUAGE_STANDARD = gnu99;
				GCC_DYNAMIC_NO_PIC = NO;
				GCC_OPTIMIZATION_LEVEL = 0;
				GCC_PREPROCESSOR_DEFINITIONS = (
					"DEBUG=1",
					"$(inherited)",
				);
				GCC_SYMBOLS_PRIVATE_EXTERN = NO;
				GCC_WARN_ABOUT_RETURN_TYPE = YES;
				GCC_WARN_UNINITIALIZED_AUTOS = YES;
				GCC_WARN_UNUSED_VARIABLE = YES;
				IPHONEOS_DEPLOYMENT_TARGET = 6.1;
				ONLY_ACTIVE_ARCH = YES;
				SDKROOT = iphoneos;
			};
			name = Debug;
		};
		2478C36A170B08EF00A217D1 /* Release */ = {
			isa = XCBuildConfiguration;
			buildSettings = {
				ALWAYS_SEARCH_USER_PATHS = NO;
				CLANG_CXX_LANGUAGE_STANDARD = "gnu++0x";
				CLANG_CXX_LIBRARY = "libc++";
				CLANG_WARN_CONSTANT_CONVERSION = YES;
				CLANG_WARN_EMPTY_BODY = YES;
				CLANG_WARN_ENUM_CONVERSION = YES;
				CLANG_WARN_INT_CONVERSION = YES;
				CLANG_WARN__DUPLICATE_METHOD_MATCH = YES;
				"CODE_SIGN_IDENTITY[sdk=iphoneos*]" = "iPhone Developer";
				COPY_PHASE_STRIP = YES;
				GCC_C_LANGUAGE_STANDARD = gnu99;
				GCC_WARN_ABOUT_RETURN_TYPE = YES;
				GCC_WARN_UNINITIALIZED_AUTOS = YES;
				GCC_WARN_UNUSED_VARIABLE = YES;
				IPHONEOS_DEPLOYMENT_TARGET = 6.1;
				OTHER_CFLAGS = "-DNS_BLOCK_ASSERTIONS=1";
				SDKROOT = iphoneos;
				VALIDATE_PRODUCT = YES;
			};
			name = Release;
		};
		2478C36C170B08EF00A217D1 /* Debug */ = {
			isa = XCBuildConfiguration;
			buildSettings = {
				GCC_PRECOMPILE_PREFIX_HEADER = YES;
				GCC_PREFIX_HEADER = "DDS-Storyboard/DDS-Storyboard-Prefix.pch";
				INFOPLIST_FILE = "DDS-Storyboard/DDS-Storyboard-Info.plist";
				IPHONEOS_DEPLOYMENT_TARGET = 5.0;
				PRODUCT_NAME = "$(TARGET_NAME)";
				WRAPPER_EXTENSION = app;
			};
			name = Debug;
		};
		2478C36D170B08EF00A217D1 /* Release */ = {
			isa = XCBuildConfiguration;
			buildSettings = {
				GCC_PRECOMPILE_PREFIX_HEADER = YES;
				GCC_PREFIX_HEADER = "DDS-Storyboard/DDS-Storyboard-Prefix.pch";
				INFOPLIST_FILE = "DDS-Storyboard/DDS-Storyboard-Info.plist";
				IPHONEOS_DEPLOYMENT_TARGET = 5.0;
				PRODUCT_NAME = "$(TARGET_NAME)";
				WRAPPER_EXTENSION = app;
			};
			name = Release;
		};
/* End XCBuildConfiguration section */

/* Begin XCConfigurationList section */
		2478C343170B08EF00A217D1 /* Build configuration list for PBXProject "DDS-Storyboard" */ = {
			isa = XCConfigurationList;
			buildConfigurations = (
				2478C369170B08EF00A217D1 /* Debug */,
				2478C36A170B08EF00A217D1 /* Release */,
			);
			defaultConfigurationIsVisible = 0;
			defaultConfigurationName = Release;
		};
		2478C36B170B08EF00A217D1 /* Build configuration list for PBXNativeTarget "DDS-Storyboard" */ = {
			isa = XCConfigurationList;
			buildConfigurations = (
				2478C36C170B08EF00A217D1 /* Debug */,
				2478C36D170B08EF00A217D1 /* Release */,
			);
			defaultConfigurationIsVisible = 0;
			defaultConfigurationName = Release;
		};
/* End XCConfigurationList section */
	};
	rootObject = 2478C340170B08EF00A217D1 /* Project object */;
}
